// !$*UTF8*$!
{
	archiveVersion = 1;
	classes = {
	};
	objectVersion = 46;
	objects = {

/* Begin PBXBuildFile section */
		07C7BC0C1DBB1B7200618856 /* AppDelegate.swift in Sources */ = {isa = PBXBuildFile; fileRef = 07C7BC0B1DBB1B7200618856 /* AppDelegate.swift */; };
		07C7BC0E1DBB1B7200618856 /* ViewController.swift in Sources */ = {isa = PBXBuildFile; fileRef = 07C7BC0D1DBB1B7200618856 /* ViewController.swift */; };
		07C7BC111DBB1B7200618856 /* Main.storyboard in Resources */ = {isa = PBXBuildFile; fileRef = 07C7BC0F1DBB1B7200618856 /* Main.storyboard */; };
		07C7BC131DBB1B7200618856 /* Assets.xcassets in Resources */ = {isa = PBXBuildFile; fileRef = 07C7BC121DBB1B7200618856 /* Assets.xcassets */; };
		07C7BC161DBB1B7200618856 /* LaunchScreen.storyboard in Resources */ = {isa = PBXBuildFile; fileRef = 07C7BC141DBB1B7200618856 /* LaunchScreen.storyboard */; };
		07C7BC291DBB1D5E00618856 /* ActionCell.swift in Sources */ = {isa = PBXBuildFile; fileRef = 07C7BC271DBB1D5E00618856 /* ActionCell.swift */; };
		07C7BC2A1DBB1D5E00618856 /* PlaceCell.swift in Sources */ = {isa = PBXBuildFile; fileRef = 07C7BC281DBB1D5E00618856 /* PlaceCell.swift */; };
		07C7BC2F1DBB1FDC00618856 /* Camira.framework in Frameworks */ = {isa = PBXBuildFile; fileRef = 07C7BC2E1DBB1FDC00618856 /* Camira.framework */; };
		07C7BC301DBB1FDC00618856 /* Camira.framework in Embed Frameworks */ = {isa = PBXBuildFile; fileRef = 07C7BC2E1DBB1FDC00618856 /* Camira.framework */; settings = {ATTRIBUTES = (CodeSignOnCopy, RemoveHeadersOnCopy, ); }; };
/* End PBXBuildFile section */

/* Begin PBXCopyFilesBuildPhase section */
		07C7BC261DBB1BCD00618856 /* Embed Frameworks */ = {
			isa = PBXCopyFilesBuildPhase;
			buildActionMask = 2147483647;
			dstPath = "";
			dstSubfolderSpec = 10;
			files = (
				07C7BC301DBB1FDC00618856 /* Camira.framework in Embed Frameworks */,
			);
			name = "Embed Frameworks";
			runOnlyForDeploymentPostprocessing = 0;
		};
/* End PBXCopyFilesBuildPhase section */

/* Begin PBXFileReference section */
		07C7BC081DBB1B7200618856 /* CamiraDemo.app */ = {isa = PBXFileReference; explicitFileType = wrapper.application; includeInIndex = 0; path = CamiraDemo.app; sourceTree = BUILT_PRODUCTS_DIR; };
		07C7BC0B1DBB1B7200618856 /* AppDelegate.swift */ = {isa = PBXFileReference; lastKnownFileType = sourcecode.swift; path = AppDelegate.swift; sourceTree = "<group>"; };
		07C7BC0D1DBB1B7200618856 /* ViewController.swift */ = {isa = PBXFileReference; lastKnownFileType = sourcecode.swift; path = ViewController.swift; sourceTree = "<group>"; };
		07C7BC101DBB1B7200618856 /* Base */ = {isa = PBXFileReference; lastKnownFileType = file.storyboard; name = Base; path = Base.lproj/Main.storyboard; sourceTree = "<group>"; };
		07C7BC121DBB1B7200618856 /* Assets.xcassets */ = {isa = PBXFileReference; lastKnownFileType = folder.assetcatalog; path = Assets.xcassets; sourceTree = "<group>"; };
		07C7BC151DBB1B7200618856 /* Base */ = {isa = PBXFileReference; lastKnownFileType = file.storyboard; name = Base; path = Base.lproj/LaunchScreen.storyboard; sourceTree = "<group>"; };
		07C7BC171DBB1B7200618856 /* Info.plist */ = {isa = PBXFileReference; lastKnownFileType = text.plist.xml; path = Info.plist; sourceTree = "<group>"; };
		07C7BC271DBB1D5E00618856 /* ActionCell.swift */ = {isa = PBXFileReference; fileEncoding = 4; lastKnownFileType = sourcecode.swift; path = ActionCell.swift; sourceTree = "<group>"; };
		07C7BC281DBB1D5E00618856 /* PlaceCell.swift */ = {isa = PBXFileReference; fileEncoding = 4; lastKnownFileType = sourcecode.swift; path = PlaceCell.swift; sourceTree = "<group>"; };
		07C7BC2E1DBB1FDC00618856 /* Camira.framework */ = {isa = PBXFileReference; explicitFileType = wrapper.framework; path = Camira.framework; sourceTree = BUILT_PRODUCTS_DIR; };
/* End PBXFileReference section */

/* Begin PBXFrameworksBuildPhase section */
		07C7BC051DBB1B7200618856 /* Frameworks */ = {
			isa = PBXFrameworksBuildPhase;
			buildActionMask = 2147483647;
			files = (
				07C7BC2F1DBB1FDC00618856 /* Camira.framework in Frameworks */,
			);
			runOnlyForDeploymentPostprocessing = 0;
		};
/* End PBXFrameworksBuildPhase section */

/* Begin PBXGroup section */
		07C7BBFF1DBB1B7200618856 = {
			isa = PBXGroup;
			children = (
				07C7BC0A1DBB1B7200618856 /* CamiraDemo */,
				07C7BC091DBB1B7200618856 /* Products */,
			);
			sourceTree = "<group>";
		};
		07C7BC091DBB1B7200618856 /* Products */ = {
			isa = PBXGroup;
			children = (
				07C7BC081DBB1B7200618856 /* CamiraDemo.app */,
			);
			name = Products;
			sourceTree = "<group>";
		};
		07C7BC0A1DBB1B7200618856 /* CamiraDemo */ = {
			isa = PBXGroup;
			children = (
				07C7BC271DBB1D5E00618856 /* ActionCell.swift */,
				07C7BC281DBB1D5E00618856 /* PlaceCell.swift */,
				07C7BC0B1DBB1B7200618856 /* AppDelegate.swift */,
				07C7BC0D1DBB1B7200618856 /* ViewController.swift */,
				07C7BC0F1DBB1B7200618856 /* Main.storyboard */,
				07C7BC121DBB1B7200618856 /* Assets.xcassets */,
				07C7BC141DBB1B7200618856 /* LaunchScreen.storyboard */,
				07C7BC171DBB1B7200618856 /* Info.plist */,
				07C7BC2E1DBB1FDC00618856 /* Camira.framework */,
			);
			path = CamiraDemo;
			sourceTree = "<group>";
		};
/* End PBXGroup section */

/* Begin PBXNativeTarget section */
		07C7BC071DBB1B7200618856 /* CamiraDemo */ = {
			isa = PBXNativeTarget;
			buildConfigurationList = 07C7BC1A1DBB1B7200618856 /* Build configuration list for PBXNativeTarget "CamiraDemo" */;
			buildPhases = (
				07C7BC041DBB1B7200618856 /* Sources */,
				07C7BC051DBB1B7200618856 /* Frameworks */,
				07C7BC061DBB1B7200618856 /* Resources */,
				07C7BC261DBB1BCD00618856 /* Embed Frameworks */,
				07C7BC2D1DBB1EE200618856 /* Carthage */,
			);
			buildRules = (
			);
			dependencies = (
			);
			name = CamiraDemo;
			productName = CamiraDemo;
			productReference = 07C7BC081DBB1B7200618856 /* CamiraDemo.app */;
			productType = "com.apple.product-type.application";
		};
/* End PBXNativeTarget section */

/* Begin PBXProject section */
		07C7BC001DBB1B7200618856 /* Project object */ = {
			isa = PBXProject;
			attributes = {
				LastSwiftUpdateCheck = 0800;
				LastUpgradeCheck = 0820;
				ORGANIZATIONNAME = "Marcus Kida";
				TargetAttributes = {
					07C7BC071DBB1B7200618856 = {
						CreatedOnToolsVersion = 8.0;
						DevelopmentTeam = 857XYUU5FE;
						ProvisioningStyle = Automatic;
					};
				};
			};
			buildConfigurationList = 07C7BC031DBB1B7200618856 /* Build configuration list for PBXProject "CamiraDemo" */;
			compatibilityVersion = "Xcode 3.2";
			developmentRegion = English;
			hasScannedForEncodings = 0;
			knownRegions = (
				en,
				Base,
			);
			mainGroup = 07C7BBFF1DBB1B7200618856;
			productRefGroup = 07C7BC091DBB1B7200618856 /* Products */;
			projectDirPath = "";
			projectRoot = "";
			targets = (
				07C7BC071DBB1B7200618856 /* CamiraDemo */,
			);
		};
/* End PBXProject section */

/* Begin PBXResourcesBuildPhase section */
		07C7BC061DBB1B7200618856 /* Resources */ = {
			isa = PBXResourcesBuildPhase;
			buildActionMask = 2147483647;
			files = (
				07C7BC161DBB1B7200618856 /* LaunchScreen.storyboard in Resources */,
				07C7BC131DBB1B7200618856 /* Assets.xcassets in Resources */,
				07C7BC111DBB1B7200618856 /* Main.storyboard in Resources */,
			);
			runOnlyForDeploymentPostprocessing = 0;
		};
/* End PBXResourcesBuildPhase section */

/* Begin PBXShellScriptBuildPhase section */
		07C7BC2D1DBB1EE200618856 /* Carthage */ = {
			isa = PBXShellScriptBuildPhase;
			buildActionMask = 2147483647;
			files = (
			);
			inputPaths = (
				"$(SRCROOT)/../Carthage/Build/iOS/Gloss.framework",
			);
			name = Carthage;
			outputPaths = (
			);
			runOnlyForDeploymentPostprocessing = 0;
			shellPath = /bin/sh;
			shellScript = "/usr/local/bin/carthage copy-frameworks";
		};
/* End PBXShellScriptBuildPhase section */

/* Begin PBXSourcesBuildPhase section */
		07C7BC041DBB1B7200618856 /* Sources */ = {
			isa = PBXSourcesBuildPhase;
			buildActionMask = 2147483647;
			files = (
				07C7BC291DBB1D5E00618856 /* ActionCell.swift in Sources */,
				07C7BC0E1DBB1B7200618856 /* ViewController.swift in Sources */,
				07C7BC0C1DBB1B7200618856 /* AppDelegate.swift in Sources */,
				07C7BC2A1DBB1D5E00618856 /* PlaceCell.swift in Sources */,
			);
			runOnlyForDeploymentPostprocessing = 0;
		};
/* End PBXSourcesBuildPhase section */

/* Begin PBXVariantGroup section */
		07C7BC0F1DBB1B7200618856 /* Main.storyboard */ = {
			isa = PBXVariantGroup;
			children = (
				07C7BC101DBB1B7200618856 /* Base */,
			);
			name = Main.storyboard;
			sourceTree = "<group>";
		};
		07C7BC141DBB1B7200618856 /* LaunchScreen.storyboard */ = {
			isa = PBXVariantGroup;
			children = (
				07C7BC151DBB1B7200618856 /* Base */,
			);
			name = LaunchScreen.storyboard;
			sourceTree = "<group>";
		};
/* End PBXVariantGroup section */

/* Begin XCBuildConfiguration section */
		07C7BC181DBB1B7200618856 /* Debug */ = {
			isa = XCBuildConfiguration;
			buildSettings = {
				ALWAYS_SEARCH_USER_PATHS = NO;
				CLANG_ANALYZER_NONNULL = YES;
				CLANG_CXX_LANGUAGE_STANDARD = "gnu++0x";
				CLANG_CXX_LIBRARY = "libc++";
				CLANG_ENABLE_MODULES = YES;
				CLANG_ENABLE_OBJC_ARC = YES;
				CLANG_WARN_BOOL_CONVERSION = YES;
				CLANG_WARN_CONSTANT_CONVERSION = YES;
				CLANG_WARN_DIRECT_OBJC_ISA_USAGE = YES_ERROR;
				CLANG_WARN_DOCUMENTATION_COMMENTS = YES;
				CLANG_WARN_EMPTY_BODY = YES;
				CLANG_WARN_ENUM_CONVERSION = YES;
				CLANG_WARN_INFINITE_RECURSION = YES;
				CLANG_WARN_INT_CONVERSION = YES;
				CLANG_WARN_OBJC_ROOT_CLASS = YES_ERROR;
				CLANG_WARN_SUSPICIOUS_MOVE = YES;
				CLANG_WARN_SUSPICIOUS_MOVES = YES;
				CLANG_WARN_UNREACHABLE_CODE = YES;
				CLANG_WARN__DUPLICATE_METHOD_MATCH = YES;
				"CODE_SIGN_IDENTITY[sdk=iphoneos*]" = "iPhone Developer";
				COPY_PHASE_STRIP = NO;
				DEBUG_INFORMATION_FORMAT = dwarf;
				ENABLE_STRICT_OBJC_MSGSEND = YES;
				ENABLE_TESTABILITY = YES;
				GCC_C_LANGUAGE_STANDARD = gnu99;
				GCC_DYNAMIC_NO_PIC = NO;
				GCC_NO_COMMON_BLOCKS = YES;
				GCC_OPTIMIZATION_LEVEL = 0;
				GCC_PREPROCESSOR_DEFINITIONS = (
					"DEBUG=1",
					"$(inherited)",
				);
				GCC_WARN_64_TO_32_BIT_CONVERSION = YES;
				GCC_WARN_ABOUT_RETURN_TYPE = YES_ERROR;
				GCC_WARN_UNDECLARED_SELECTOR = YES;
				GCC_WARN_UNINITIALIZED_AUTOS = YES_AGGRESSIVE;
				GCC_WARN_UNUSED_FUNCTION = YES;
				GCC_WARN_UNUSED_VARIABLE = YES;
				IPHONEOS_DEPLOYMENT_TARGET = 10.0;
				MTL_ENABLE_DEBUG_INFO = YES;
				ONLY_ACTIVE_ARCH = YES;
				SDKROOT = iphoneos;
				SWIFT_ACTIVE_COMPILATION_CONDITIONS = DEBUG;
				SWIFT_OPTIMIZATION_LEVEL = "-Onone";
			};
			name = Debug;
		};
		07C7BC191DBB1B7200618856 /* Release */ = {
			isa = XCBuildConfiguration;
			buildSettings = {
				ALWAYS_SEARCH_USER_PATHS = NO;
				CLANG_ANALYZER_NONNULL = YES;
				CLANG_CXX_LANGUAGE_STANDARD = "gnu++0x";
				CLANG_CXX_LIBRARY = "libc++";
				CLANG_ENABLE_MODULES = YES;
				CLANG_ENABLE_OBJC_ARC = YES;
				CLANG_WARN_BOOL_CONVERSION = YES;
				CLANG_WARN_CONSTANT_CONVERSION = YES;
				CLANG_WARN_DIRECT_OBJC_ISA_USAGE = YES_ERROR;
				CLANG_WARN_DOCUMENTATION_COMMENTS = YES;
				CLANG_WARN_EMPTY_BODY = YES;
				CLANG_WARN_ENUM_CONVERSION = YES;
				CLANG_WARN_INFINITE_RECURSION = YES;
				CLANG_WARN_INT_CONVERSION = YES;
				CLANG_WARN_OBJC_ROOT_CLASS = YES_ERROR;
				CLANG_WARN_SUSPICIOUS_MOVE = YES;
				CLANG_WARN_SUSPICIOUS_MOVES = YES;
				CLANG_WARN_UNREACHABLE_CODE = YES;
				CLANG_WARN__DUPLICATE_METHOD_MATCH = YES;
				"CODE_SIGN_IDENTITY[sdk=iphoneos*]" = "iPhone Developer";
				COPY_PHASE_STRIP = NO;
				DEBUG_INFORMATION_FORMAT = "dwarf-with-dsym";
				ENABLE_NS_ASSERTIONS = NO;
				ENABLE_STRICT_OBJC_MSGSEND = YES;
				GCC_C_LANGUAGE_STANDARD = gnu99;
				GCC_NO_COMMON_BLOCKS = YES;
				GCC_WARN_64_TO_32_BIT_CONVERSION = YES;
				GCC_WARN_ABOUT_RETURN_TYPE = YES_ERROR;
				GCC_WARN_UNDECLARED_SELECTOR = YES;
				GCC_WARN_UNINITIALIZED_AUTOS = YES_AGGRESSIVE;
				GCC_WARN_UNUSED_FUNCTION = YES;
				GCC_WARN_UNUSED_VARIABLE = YES;
				IPHONEOS_DEPLOYMENT_TARGET = 10.0;
				MTL_ENABLE_DEBUG_INFO = NO;
				SDKROOT = iphoneos;
				SWIFT_OPTIMIZATION_LEVEL = "-Owholemodule";
				VALIDATE_PRODUCT = YES;
			};
			name = Release;
		};
		07C7BC1B1DBB1B7200618856 /* Debug */ = {
			isa = XCBuildConfiguration;
			buildSettings = {
				ASSETCATALOG_COMPILER_APPICON_NAME = AppIcon;
				DEVELOPMENT_TEAM = 857XYUU5FE;
				FRAMEWORK_SEARCH_PATHS = "\"$(PROJECT_DIR)/../Carthage/Build/iOS\"";
				INFOPLIST_FILE = CamiraDemo/Info.plist;
				LD_RUNPATH_SEARCH_PATHS = "$(inherited) @executable_path/Frameworks";
				PRODUCT_BUNDLE_IDENTIFIER = io.kida.CamiraDemo;
				PRODUCT_NAME = "$(TARGET_NAME)";
				SWIFT_VERSION = 3.0;
			};
			name = Debug;
		};
		07C7BC1C1DBB1B7200618856 /* Release */ = {
			isa = XCBuildConfiguration;
			buildSettings = {
				ASSETCATALOG_COMPILER_APPICON_NAME = AppIcon;
				DEVELOPMENT_TEAM = 857XYUU5FE;
				FRAMEWORK_SEARCH_PATHS = "\"$(PROJECT_DIR)/../Carthage/Build/iOS\"";
				INFOPLIST_FILE = CamiraDemo/Info.plist;
				LD_RUNPATH_SEARCH_PATHS = "$(inherited) @executable_path/Frameworks";
				PRODUCT_BUNDLE_IDENTIFIER = io.kida.CamiraDemo;
				PRODUCT_NAME = "$(TARGET_NAME)";
				SWIFT_VERSION = 3.0;
			};
			name = Release;
		};
/* End XCBuildConfiguration section */

/* Begin XCConfigurationList section */
		07C7BC031DBB1B7200618856 /* Build configuration list for PBXProject "CamiraDemo" */ = {
			isa = XCConfigurationList;
			buildConfigurations = (
				07C7BC181DBB1B7200618856 /* Debug */,
				07C7BC191DBB1B7200618856 /* Release */,
			);
			defaultConfigurationIsVisible = 0;
			defaultConfigurationName = Release;
		};
		07C7BC1A1DBB1B7200618856 /* Build configuration list for PBXNativeTarget "CamiraDemo" */ = {
			isa = XCConfigurationList;
			buildConfigurations = (
				07C7BC1B1DBB1B7200618856 /* Debug */,
				07C7BC1C1DBB1B7200618856 /* Release */,
			);
			defaultConfigurationIsVisible = 0;
			defaultConfigurationName = Release;
		};
/* End XCConfigurationList section */
	};
	rootObject = 07C7BC001DBB1B7200618856 /* Project object */;
}
